{
  "name": "asp.net",
  "version": "1.0.0",
  "lockfileVersion": 1,
  "requires": true,
  "dependencies": {
    "@types/chart.js": {
      "version": "2.9.14",
      "resolved": "https://registry.npmjs.org/@types/chart.js/-/chart.js-2.9.14.tgz",
      "integrity": "sha512-lIyfmshUIwrJaS5TYleOKd8+0CTy/eFPu7djcphvdy97xdSxMNG25wSYQjFitm2qkgjVjQfQ6YW6lSGlTlg8eA==",
      "dev": true,
      "requires": {
        "moment": "^2.10.2"
      }
    },
    "@types/geojson": {
      "version": "7946.0.7",
      "resolved": "https://registry.npmjs.org/@types/geojson/-/geojson-7946.0.7.tgz",
      "integrity": "sha512-wE2v81i4C4Ol09RtsWFAqg3BUitWbHSpSlIo+bNdsCJijO9sjme+zm+73ZMCa/qMC8UEERxzGbvmr1cffo2SiQ==",
      "dev": true
    },
    "@types/knockout": {
      "version": "3.4.66",
      "resolved": "https://registry.npmjs.org/@types/knockout/-/knockout-3.4.66.tgz",
      "integrity": "sha512-UNmyr4mM/y/AvQ6eQmd9v+9/QDZUxiudFb6U/sqIvKlQtAiUO5RM52YRP88CQzYOztxWw0t1feeFIKN3R4Q2Ow==",
      "dev": true
    },
    "chartjs-plugin-zoom": {
      "version": "0.7.5",
      "resolved": "https://registry.npmjs.org/chartjs-plugin-zoom/-/chartjs-plugin-zoom-0.7.5.tgz",
      "integrity": "sha512-OGVQXlw5meOD7ac+CBNO7yKg4Tk06eBb5LUIgpK/qgv7SjVB/89pWMQY3pxWnzCMI8FsoV3iTKQ2ZCOvh4+q6w==",
      "dev": true,
      "requires": {
        "hammerjs": "^2.0.8"
      }
    },
    "concat-stream": {
      "version": "1.4.11",
      "resolved": "https://registry.npmjs.org/concat-stream/-/concat-stream-1.4.11.tgz",
      "integrity": "sha512-X3JMh8+4je3U1cQpG87+f9lXHDrqcb2MVLg9L7o8b1UZ0DzhRrUpdn65ttzu10PpJPPI3MQNkis+oha6TSA9Mw==",
      "dev": true,
      "requires": {
        "inherits": "~2.0.1",
        "readable-stream": "~1.1.9",
        "typedarray": "~0.0.5"
      }
    },
    "core-util-is": {
      "version": "1.0.2",
      "resolved": "https://registry.npmjs.org/core-util-is/-/core-util-is-1.0.2.tgz",
      "integrity": "sha1-tf1UIgqivFq1eqtxQMlAdUUDwac=",
      "dev": true
    },
    "hammerjs": {
      "version": "2.0.8",
      "resolved": "https://registry.npmjs.org/hammerjs/-/hammerjs-2.0.8.tgz",
      "integrity": "sha1-BO93hiz/K7edMPdpIJWTAiK/YPE=",
      "dev": true
    },
    "inherits": {
      "version": "2.0.4",
      "resolved": "https://registry.npmjs.org/inherits/-/inherits-2.0.4.tgz",
      "integrity": "sha512-k/vGaX4/Yla3WzyMCvTQOXYeIHvqOKtnqBduzTHpzpQZzAskKMhZ2K+EnBiSM9zGSoIFeMpXKxa4dYeZIQqewQ==",
      "dev": true
    },
    "isarray": {
      "version": "0.0.1",
      "resolved": "https://registry.npmjs.org/isarray/-/isarray-0.0.1.tgz",
      "integrity": "sha1-ihis/Kmo9Bd+Cav8YDiTmwXR7t8=",
      "dev": true
    },
    "minimist": {
      "version": "0.0.7",
      "resolved": "https://registry.npmjs.org/minimist/-/minimist-0.0.7.tgz",
      "integrity": "sha1-3ExiAlPFQu2g0uuRw8apcaEeY+c=",
      "dev": true
    },
    "moment": {
      "version": "2.24.0",
      "resolved": "https://registry.npmjs.org/moment/-/moment-2.24.0.tgz",
      "integrity": "sha512-bV7f+6l2QigeBBZSM/6yTNq4P2fNpSWj/0e7jQcy87A8e7o2nAfP/34/2ky5Vw4B9S446EtIhodAzkFCcR4dQg==",
      "dev": true
    },
    "readable-stream": {
      "version": "1.1.14",
      "resolved": "https://registry.npmjs.org/readable-stream/-/readable-stream-1.1.14.tgz",
      "integrity": "sha1-fPTFTvZI44EwhMY23SB54WbAgdk=",
      "dev": true,
      "requires": {
        "core-util-is": "~1.0.0",
        "inherits": "~2.0.1",
        "isarray": "0.0.1",
        "string_decoder": "~0.10.x"
      }
    },
    "simplify-geojson": {
      "version": "1.0.3",
      "resolved": "https://registry.npmjs.org/simplify-geojson/-/simplify-geojson-1.0.3.tgz",
      "integrity": "sha1-T57U8PYr6G04UmvNyuBysOnfXvQ=",
      "dev": true,
      "requires": {
        "concat-stream": "~1.4.1",
        "minimist": "0.0.7",
        "simplify-geometry": "0.0.2"
      }
    },
    "simplify-geometry": {
      "version": "0.0.2",
      "resolved": "https://registry.npmjs.org/simplify-geometry/-/simplify-geometry-0.0.2.tgz",
      "integrity": "sha1-Y3l+Z26uloNazgK80n0+GvVE9Jw=",
      "dev": true
    },
    "string_decoder": {
      "version": "0.10.31",
      "resolved": "https://registry.npmjs.org/string_decoder/-/string_decoder-0.10.31.tgz",
      "integrity": "sha1-YuIDvEF2bGwoyfyEMB2rHFMQ+pQ=",
      "dev": true
    },
    "typedarray": {
      "version": "0.0.6",
      "resolved": "https://registry.npmjs.org/typedarray/-/typedarray-0.0.6.tgz",
      "integrity": "sha1-hnrHTjhkGHsdPUfZlqeOxciDB3c=",
      "dev": true
    }
  }
}
