# THIS IS AN AUTOGENERATED FILE. DO NOT EDIT THIS FILE DIRECTLY.
# yarn lockfile v1


"@fullcalendar/core@4.1.0":
  version "4.1.0"
  resolved "https://registry.yarnpkg.com/@fullcalendar/core/-/core-4.1.0.tgz#9f09c4c35e308a81a97e4d62c05f64548d0e5666"
  integrity sha512-pyBRbNnppQH5iPnhENrNIkvOxjPdR46o7HMuSx3M+OlGVZLygbb97sKg5XuJx6Bn3hFP0EJXKmA9/GCfeP9PPQ==

"@fullcalendar/daygrid@4.1.0":
  version "4.1.0"
  resolved "https://registry.yarnpkg.com/@fullcalendar/daygrid/-/daygrid-4.1.0.tgz#058b02585d17a63f448e2ab42f65db7bacca2296"
  integrity sha512-y2w+js+cr0SFC3f88QIS91V8LeZ5TEG/W6hX+CcokP+KTZdepW0uCjPzf9QwVE0LM904tZ2kjCe209hZGfSNGg==

"@fullcalendar/interaction@4.1.0":
  version "4.1.0"
  resolved "https://registry.yarnpkg.com/@fullcalendar/interaction/-/interaction-4.1.0.tgz#5d0c4c2c407934ff8bd45071ff76fb6736937da3"
  integrity sha512-s9679mbLnBqvQJpIqj4CJi36yGCOXKYshasW7PL5a/BgNXYEScHtdSNZubJx26zHlgGOh8S0wIvBlYQUihMcLQ==

"@fullcalendar/list@4.1.0":
  version "4.1.0"
  resolved "https://registry.yarnpkg.com/@fullcalendar/list/-/list-4.1.0.tgz#290274fc4e4616bea9238a31f49f53e295d11d3f"
  integrity sha512-NSCiD3I8HVioq7M1jzyovZDTjBq1L8QRqUZDiYZXq14lAKYwYUdZL3MUlH7MNjL/xU/dKJWD+rTKGno7FXmT9g==

"@types/fullcalendar@3.8.0":
  version "3.8.0"
  resolved "https://registry.yarnpkg.com/@types/fullcalendar/-/fullcalendar-3.8.0.tgz#9d523b78d1f96efea27a81578763eadabfabdf0d"
  integrity sha512-uxYNAnvH7s3asQjkH8p0K1V4ENMLQDGNmFHWA7/iRZwU13A7RCOvnNoRapEIIRx8hI/+wHWkd4Q9KmpVCQfIEg==
  dependencies:
    fullcalendar "*"

"@types/knockout@3.4.64":
  version "3.4.64"
  resolved "https://registry.yarnpkg.com/@types/knockout/-/knockout-3.4.64.tgz#50c5970545a8b2c9aa60b64994a99a722227548c"
  integrity sha512-9RI6yMmXx7imrphme3BPAQAnwRScs9zho1PAeQbv8BqdNhYrDyrC3Inuc0S+3fgzOi8wH4sdWxG06CJfVieaIQ==

fullcalendar@*:
  version "3.10.0"
  resolved "https://registry.yarnpkg.com/fullcalendar/-/fullcalendar-3.10.0.tgz#cc5e87d518fd6550e142816a31dd191664847919"
  integrity sha512-0OtsHhmdYhtFmQwXzyo8VqHzYgamg+zVOoytv5N13gI+iF6CGjevpCi/yBaQs0O4wY3OAp8I688IxdNYe0iAvw==
